
Microsoft Visual Studio Solution File, Format Version 12.00
# Visual Studio Version 17
VisualStudioVersion = 17.5.002.0
MinimumVisualStudioVersion = 10.0.40219.1
Project("{9A19103F-16F7-4668-BE54-9A1E7A4F7556}") = "ProjectIsep", "ProjectIsep\ProjectIsep.csproj", "{CEC8C7B9-0DE0-49E0-94E3-A4CB9E2D60BA}"
EndProject
Global
	GlobalSection(SolutionConfigurationPlatforms) = preSolution
		Debug|Any CPU = Debug|Any CPU
		Release|Any CPU = Release|Any CPU
	EndGlobalSection
	GlobalSection(ProjectConfigurationPlatforms) = postSolution
		{CEC8C7B9-0DE0-49E0-94E3-A4CB9E2D60BA}.Debug|Any CPU.ActiveCfg = Debug|Any CPU
		{CEC8C7B9-0DE0-49E0-94E3-A4CB9E2D60BA}.Debug|Any CPU.Build.0 = Debug|Any CPU
		{CEC8C7B9-0DE0-49E0-94E3-A4CB9E2D60BA}.Release|Any CPU.ActiveCfg = Release|Any CPU
		{CEC8C7B9-0DE0-49E0-94E3-A4CB9E2D60BA}.Release|Any CPU.Build.0 = Release|Any CPU
	EndGlobalSection
	GlobalSection(SolutionProperties) = preSolution
		HideSolutionNode = FALSE
	EndGlobalSection
	GlobalSection(ExtensibilityGlobals) = postSolution
		SolutionGuid = {D926F17F-32E3-4972-B82F-1847BD687E99}
	EndGlobalSection
EndGlobal
